// !$*UTF8*$!
{
	archiveVersion = 1;
	classes = {
	};
	objectVersion = 50;
	objects = {

/* Begin PBXBuildFile section */
		D26E35A424FDE150007655E0 /* AppDelegate.swift in Sources */ = {isa = PBXBuildFile; fileRef = D26E35A324FDE150007655E0 /* AppDelegate.swift */; };
		D26E35A624FDE150007655E0 /* SceneDelegate.swift in Sources */ = {isa = PBXBuildFile; fileRef = D26E35A524FDE150007655E0 /* SceneDelegate.swift */; };
		D26E35A824FDE150007655E0 /* ViewController.swift in Sources */ = {isa = PBXBuildFile; fileRef = D26E35A724FDE150007655E0 /* ViewController.swift */; };
		D26E35AB24FDE150007655E0 /* Main.storyboard in Resources */ = {isa = PBXBuildFile; fileRef = D26E35A924FDE150007655E0 /* Main.storyboard */; };
		D26E35AD24FDE153007655E0 /* Assets.xcassets in Resources */ = {isa = PBXBuildFile; fileRef = D26E35AC24FDE153007655E0 /* Assets.xcassets */; };
		D26E35B024FDE153007655E0 /* LaunchScreen.storyboard in Resources */ = {isa = PBXBuildFile; fileRef = D26E35AE24FDE153007655E0 /* LaunchScreen.storyboard */; };
		D26E35BB24FDE153007655E0 /* SuDungAPITests.swift in Sources */ = {isa = PBXBuildFile; fileRef = D26E35BA24FDE153007655E0 /* SuDungAPITests.swift */; };
		D26E35C624FDE153007655E0 /* SuDungAPIUITests.swift in Sources */ = {isa = PBXBuildFile; fileRef = D26E35C524FDE153007655E0 /* SuDungAPIUITests.swift */; };
		D26E35D524FDE2D0007655E0 /* TableJsonTableViewCell.swift in Sources */ = {isa = PBXBuildFile; fileRef = D26E35D324FDE2D0007655E0 /* TableJsonTableViewCell.swift */; };
		D26E35D624FDE2D0007655E0 /* TableJsonTableViewCell.xib in Resources */ = {isa = PBXBuildFile; fileRef = D26E35D424FDE2D0007655E0 /* TableJsonTableViewCell.xib */; };
		D26E35D824FDE383007655E0 /* Persion.swift in Sources */ = {isa = PBXBuildFile; fileRef = D26E35D724FDE383007655E0 /* Persion.swift */; };
/* End PBXBuildFile section */

/* Begin PBXContainerItemProxy section */
		D26E35B724FDE153007655E0 /* PBXContainerItemProxy */ = {
			isa = PBXContainerItemProxy;
			containerPortal = D26E359824FDE150007655E0 /* Project object */;
			proxyType = 1;
			remoteGlobalIDString = D26E359F24FDE150007655E0;
			remoteInfo = SuDungAPI;
		};
		D26E35C224FDE153007655E0 /* PBXContainerItemProxy */ = {
			isa = PBXContainerItemProxy;
			containerPortal = D26E359824FDE150007655E0 /* Project object */;
			proxyType = 1;
			remoteGlobalIDString = D26E359F24FDE150007655E0;
			remoteInfo = SuDungAPI;
		};
/* End PBXContainerItemProxy section */

/* Begin PBXFileReference section */
		D26E35A024FDE150007655E0 /* SuDungAPI.app */ = {isa = PBXFileReference; explicitFileType = wrapper.application; includeInIndex = 0; path = SuDungAPI.app; sourceTree = BUILT_PRODUCTS_DIR; };
		D26E35A324FDE150007655E0 /* AppDelegate.swift */ = {isa = PBXFileReference; lastKnownFileType = sourcecode.swift; path = AppDelegate.swift; sourceTree = "<group>"; };
		D26E35A524FDE150007655E0 /* SceneDelegate.swift */ = {isa = PBXFileReference; lastKnownFileType = sourcecode.swift; path = SceneDelegate.swift; sourceTree = "<group>"; };
		D26E35A724FDE150007655E0 /* ViewController.swift */ = {isa = PBXFileReference; lastKnownFileType = sourcecode.swift; path = ViewController.swift; sourceTree = "<group>"; };
		D26E35AA24FDE150007655E0 /* Base */ = {isa = PBXFileReference; lastKnownFileType = file.storyboard; name = Base; path = Base.lproj/Main.storyboard; sourceTree = "<group>"; };
		D26E35AC24FDE153007655E0 /* Assets.xcassets */ = {isa = PBXFileReference; lastKnownFileType = folder.assetcatalog; path = Assets.xcassets; sourceTree = "<group>"; };
		D26E35AF24FDE153007655E0 /* Base */ = {isa = PBXFileReference; lastKnownFileType = file.storyboard; name = Base; path = Base.lproj/LaunchScreen.storyboard; sourceTree = "<group>"; };
		D26E35B124FDE153007655E0 /* Info.plist */ = {isa = PBXFileReference; lastKnownFileType = text.plist.xml; path = Info.plist; sourceTree = "<group>"; };
		D26E35B624FDE153007655E0 /* SuDungAPITests.xctest */ = {isa = PBXFileReference; explicitFileType = wrapper.cfbundle; includeInIndex = 0; path = SuDungAPITests.xctest; sourceTree = BUILT_PRODUCTS_DIR; };
		D26E35BA24FDE153007655E0 /* SuDungAPITests.swift */ = {isa = PBXFileReference; lastKnownFileType = sourcecode.swift; path = SuDungAPITests.swift; sourceTree = "<group>"; };
		D26E35BC24FDE153007655E0 /* Info.plist */ = {isa = PBXFileReference; lastKnownFileType = text.plist.xml; path = Info.plist; sourceTree = "<group>"; };
		D26E35C124FDE153007655E0 /* SuDungAPIUITests.xctest */ = {isa = PBXFileReference; explicitFileType = wrapper.cfbundle; includeInIndex = 0; path = SuDungAPIUITests.xctest; sourceTree = BUILT_PRODUCTS_DIR; };
		D26E35C524FDE153007655E0 /* SuDungAPIUITests.swift */ = {isa = PBXFileReference; lastKnownFileType = sourcecode.swift; path = SuDungAPIUITests.swift; sourceTree = "<group>"; };
		D26E35C724FDE153007655E0 /* Info.plist */ = {isa = PBXFileReference; lastKnownFileType = text.plist.xml; path = Info.plist; sourceTree = "<group>"; };
		D26E35D324FDE2D0007655E0 /* TableJsonTableViewCell.swift */ = {isa = PBXFileReference; lastKnownFileType = sourcecode.swift; path = TableJsonTableViewCell.swift; sourceTree = "<group>"; };
		D26E35D424FDE2D0007655E0 /* TableJsonTableViewCell.xib */ = {isa = PBXFileReference; lastKnownFileType = file.xib; path = TableJsonTableViewCell.xib; sourceTree = "<group>"; };
		D26E35D724FDE383007655E0 /* Persion.swift */ = {isa = PBXFileReference; lastKnownFileType = sourcecode.swift; path = Persion.swift; sourceTree = "<group>"; };
/* End PBXFileReference section */

/* Begin PBXFrameworksBuildPhase section */
		D26E359D24FDE150007655E0 /* Frameworks */ = {
			isa = PBXFrameworksBuildPhase;
			buildActionMask = 2147483647;
			files = (
			);
			runOnlyForDeploymentPostprocessing = 0;
		};
		D26E35B324FDE153007655E0 /* Frameworks */ = {
			isa = PBXFrameworksBuildPhase;
			buildActionMask = 2147483647;
			files = (
			);
			runOnlyForDeploymentPostprocessing = 0;
		};
		D26E35BE24FDE153007655E0 /* Frameworks */ = {
			isa = PBXFrameworksBuildPhase;
			buildActionMask = 2147483647;
			files = (
			);
			runOnlyForDeploymentPostprocessing = 0;
		};
/* End PBXFrameworksBuildPhase section */

/* Begin PBXGroup section */
		D26E359724FDE150007655E0 = {
			isa = PBXGroup;
			children = (
				D26E35A224FDE150007655E0 /* SuDungAPI */,
				D26E35B924FDE153007655E0 /* SuDungAPITests */,
				D26E35C424FDE153007655E0 /* SuDungAPIUITests */,
				D26E35A124FDE150007655E0 /* Products */,
			);
			sourceTree = "<group>";
		};
		D26E35A124FDE150007655E0 /* Products */ = {
			isa = PBXGroup;
			children = (
				D26E35A024FDE150007655E0 /* SuDungAPI.app */,
				D26E35B624FDE153007655E0 /* SuDungAPITests.xctest */,
				D26E35C124FDE153007655E0 /* SuDungAPIUITests.xctest */,
			);
			name = Products;
			sourceTree = "<group>";
		};
		D26E35A224FDE150007655E0 /* SuDungAPI */ = {
			isa = PBXGroup;
			children = (
				D26E35A324FDE150007655E0 /* AppDelegate.swift */,
				D26E35A524FDE150007655E0 /* SceneDelegate.swift */,
				D26E35A724FDE150007655E0 /* ViewController.swift */,
				D26E35A924FDE150007655E0 /* Main.storyboard */,
				D26E35AC24FDE153007655E0 /* Assets.xcassets */,
				D26E35AE24FDE153007655E0 /* LaunchScreen.storyboard */,
				D26E35B124FDE153007655E0 /* Info.plist */,
				D26E35D324FDE2D0007655E0 /* TableJsonTableViewCell.swift */,
				D26E35D424FDE2D0007655E0 /* TableJsonTableViewCell.xib */,
				D26E35D724FDE383007655E0 /* Persion.swift */,
			);
			path = SuDungAPI;
			sourceTree = "<group>";
		};
		D26E35B924FDE153007655E0 /* SuDungAPITests */ = {
			isa = PBXGroup;
			children = (
				D26E35BA24FDE153007655E0 /* SuDungAPITests.swift */,
				D26E35BC24FDE153007655E0 /* Info.plist */,
			);
			path = SuDungAPITests;
			sourceTree = "<group>";
		};
		D26E35C424FDE153007655E0 /* SuDungAPIUITests */ = {
			isa = PBXGroup;
			children = (
				D26E35C524FDE153007655E0 /* SuDungAPIUITests.swift */,
				D26E35C724FDE153007655E0 /* Info.plist */,
			);
			path = SuDungAPIUITests;
			sourceTree = "<group>";
		};
/* End PBXGroup section */

/* Begin PBXNativeTarget section */
		D26E359F24FDE150007655E0 /* SuDungAPI */ = {
			isa = PBXNativeTarget;
			buildConfigurationList = D26E35CA24FDE153007655E0 /* Build configuration list for PBXNativeTarget "SuDungAPI" */;
			buildPhases = (
				D26E359C24FDE150007655E0 /* Sources */,
				D26E359D24FDE150007655E0 /* Frameworks */,
				D26E359E24FDE150007655E0 /* Resources */,
			);
			buildRules = (
			);
			dependencies = (
			);
			name = SuDungAPI;
			productName = SuDungAPI;
			productReference = D26E35A024FDE150007655E0 /* SuDungAPI.app */;
			productType = "com.apple.product-type.application";
		};
		D26E35B524FDE153007655E0 /* SuDungAPITests */ = {
			isa = PBXNativeTarget;
			buildConfigurationList = D26E35CD24FDE153007655E0 /* Build configuration list for PBXNativeTarget "SuDungAPITests" */;
			buildPhases = (
				D26E35B224FDE153007655E0 /* Sources */,
				D26E35B324FDE153007655E0 /* Frameworks */,
				D26E35B424FDE153007655E0 /* Resources */,
			);
			buildRules = (
			);
			dependencies = (
				D26E35B824FDE153007655E0 /* PBXTargetDependency */,
			);
			name = SuDungAPITests;
			productName = SuDungAPITests;
			productReference = D26E35B624FDE153007655E0 /* SuDungAPITests.xctest */;
			productType = "com.apple.product-type.bundle.unit-test";
		};
		D26E35C024FDE153007655E0 /* SuDungAPIUITests */ = {
			isa = PBXNativeTarget;
			buildConfigurationList = D26E35D024FDE153007655E0 /* Build configuration list for PBXNativeTarget "SuDungAPIUITests" */;
			buildPhases = (
				D26E35BD24FDE153007655E0 /* Sources */,
				D26E35BE24FDE153007655E0 /* Frameworks */,
				D26E35BF24FDE153007655E0 /* Resources */,
			);
			buildRules = (
			);
			dependencies = (
				D26E35C324FDE153007655E0 /* PBXTargetDependency */,
			);
			name = SuDungAPIUITests;
			productName = SuDungAPIUITests;
			productReference = D26E35C124FDE153007655E0 /* SuDungAPIUITests.xctest */;
			productType = "com.apple.product-type.bundle.ui-testing";
		};
/* End PBXNativeTarget section */

/* Begin PBXProject section */
		D26E359824FDE150007655E0 /* Project object */ = {
			isa = PBXProject;
			attributes = {
				LastSwiftUpdateCheck = 1160;
				LastUpgradeCheck = 1160;
				ORGANIZATIONNAME = "Van Thanh";
				TargetAttributes = {
					D26E359F24FDE150007655E0 = {
						CreatedOnToolsVersion = 11.6;
					};
					D26E35B524FDE153007655E0 = {
						CreatedOnToolsVersion = 11.6;
						TestTargetID = D26E359F24FDE150007655E0;
					};
					D26E35C024FDE153007655E0 = {
						CreatedOnToolsVersion = 11.6;
						TestTargetID = D26E359F24FDE150007655E0;
					};
				};
			};
			buildConfigurationList = D26E359B24FDE150007655E0 /* Build configuration list for PBXProject "SuDungAPI" */;
			compatibilityVersion = "Xcode 9.3";
			developmentRegion = en;
			hasScannedForEncodings = 0;
			knownRegions = (
				en,
				Base,
			);
			mainGroup = D26E359724FDE150007655E0;
			productRefGroup = D26E35A124FDE150007655E0 /* Products */;
			projectDirPath = "";
			projectRoot = "";
			targets = (
				D26E359F24FDE150007655E0 /* SuDungAPI */,
				D26E35B524FDE153007655E0 /* SuDungAPITests */,
				D26E35C024FDE153007655E0 /* SuDungAPIUITests */,
			);
		};
/* End PBXProject section */

/* Begin PBXResourcesBuildPhase section */
		D26E359E24FDE150007655E0 /* Resources */ = {
			isa = PBXResourcesBuildPhase;
			buildActionMask = 2147483647;
			files = (
				D26E35D624FDE2D0007655E0 /* TableJsonTableViewCell.xib in Resources */,
				D26E35B024FDE153007655E0 /* LaunchScreen.storyboard in Resources */,
				D26E35AD24FDE153007655E0 /* Assets.xcassets in Resources */,
				D26E35AB24FDE150007655E0 /* Main.storyboard in Resources */,
			);
			runOnlyForDeploymentPostprocessing = 0;
		};
		D26E35B424FDE153007655E0 /* Resources */ = {
			isa = PBXResourcesBuildPhase;
			buildActionMask = 2147483647;
			files = (
			);
			runOnlyForDeploymentPostprocessing = 0;
		};
		D26E35BF24FDE153007655E0 /* Resources */ = {
			isa = PBXResourcesBuildPhase;
			buildActionMask = 2147483647;
			files = (
			);
			runOnlyForDeploymentPostprocessing = 0;
		};
/* End PBXResourcesBuildPhase section */

/* Begin PBXSourcesBuildPhase section */
		D26E359C24FDE150007655E0 /* Sources */ = {
			isa = PBXSourcesBuildPhase;
			buildActionMask = 2147483647;
			files = (
				D26E35D524FDE2D0007655E0 /* TableJsonTableViewCell.swift in Sources */,
				D26E35A824FDE150007655E0 /* ViewController.swift in Sources */,
				D26E35D824FDE383007655E0 /* Persion.swift in Sources */,
				D26E35A424FDE150007655E0 /* AppDelegate.swift in Sources */,
				D26E35A624FDE150007655E0 /* SceneDelegate.swift in Sources */,
			);
			runOnlyForDeploymentPostprocessing = 0;
		};
		D26E35B224FDE153007655E0 /* Sources */ = {
			isa = PBXSourcesBuildPhase;
			buildActionMask = 2147483647;
			files = (
				D26E35BB24FDE153007655E0 /* SuDungAPITests.swift in Sources */,
			);
			runOnlyForDeploymentPostprocessing = 0;
		};
		D26E35BD24FDE153007655E0 /* Sources */ = {
			isa = PBXSourcesBuildPhase;
			buildActionMask = 2147483647;
			files = (
				D26E35C624FDE153007655E0 /* SuDungAPIUITests.swift in Sources */,
			);
			runOnlyForDeploymentPostprocessing = 0;
		};
/* End PBXSourcesBuildPhase section */

/* Begin PBXTargetDependency section */
		D26E35B824FDE153007655E0 /* PBXTargetDependency */ = {
			isa = PBXTargetDependency;
			target = D26E359F24FDE150007655E0 /* SuDungAPI */;
			targetProxy = D26E35B724FDE153007655E0 /* PBXContainerItemProxy */;
		};
		D26E35C324FDE153007655E0 /* PBXTargetDependency */ = {
			isa = PBXTargetDependency;
			target = D26E359F24FDE150007655E0 /* SuDungAPI */;
			targetProxy = D26E35C224FDE153007655E0 /* PBXContainerItemProxy */;
		};
/* End PBXTargetDependency section */

/* Begin PBXVariantGroup section */
		D26E35A924FDE150007655E0 /* Main.storyboard */ = {
			isa = PBXVariantGroup;
			children = (
				D26E35AA24FDE150007655E0 /* Base */,
			);
			name = Main.storyboard;
			sourceTree = "<group>";
		};
		D26E35AE24FDE153007655E0 /* LaunchScreen.storyboard */ = {
			isa = PBXVariantGroup;
			children = (
				D26E35AF24FDE153007655E0 /* Base */,
			);
			name = LaunchScreen.storyboard;
			sourceTree = "<group>";
		};
/* End PBXVariantGroup section */

/* Begin XCBuildConfiguration section */
		D26E35C824FDE153007655E0 /* Debug */ = {
			isa = XCBuildConfiguration;
			buildSettings = {
				ALWAYS_SEARCH_USER_PATHS = NO;
				CLANG_ANALYZER_NONNULL = YES;
				CLANG_ANALYZER_NUMBER_OBJECT_CONVERSION = YES_AGGRESSIVE;
				CLANG_CXX_LANGUAGE_STANDARD = "gnu++14";
				CLANG_CXX_LIBRARY = "libc++";
				CLANG_ENABLE_MODULES = YES;
				CLANG_ENABLE_OBJC_ARC = YES;
				CLANG_ENABLE_OBJC_WEAK = YES;
				CLANG_WARN_BLOCK_CAPTURE_AUTORELEASING = YES;
				CLANG_WARN_BOOL_CONVERSION = YES;
				CLANG_WARN_COMMA = YES;
				CLANG_WARN_CONSTANT_CONVERSION = YES;
				CLANG_WARN_DEPRECATED_OBJC_IMPLEMENTATIONS = YES;
				CLANG_WARN_DIRECT_OBJC_ISA_USAGE = YES_ERROR;
				CLANG_WARN_DOCUMENTATION_COMMENTS = YES;
				CLANG_WARN_EMPTY_BODY = YES;
				CLANG_WARN_ENUM_CONVERSION = YES;
				CLANG_WARN_INFINITE_RECURSION = YES;
				CLANG_WARN_INT_CONVERSION = YES;
				CLANG_WARN_NON_LITERAL_NULL_CONVERSION = YES;
				CLANG_WARN_OBJC_IMPLICIT_RETAIN_SELF = YES;
				CLANG_WARN_OBJC_LITERAL_CONVERSION = YES;
				CLANG_WARN_OBJC_ROOT_CLASS = YES_ERROR;
				CLANG_WARN_RANGE_LOOP_ANALYSIS = YES;
				CLANG_WARN_STRICT_PROTOTYPES = YES;
				CLANG_WARN_SUSPICIOUS_MOVE = YES;
				CLANG_WARN_UNGUARDED_AVAILABILITY = YES_AGGRESSIVE;
				CLANG_WARN_UNREACHABLE_CODE = YES;
				CLANG_WARN__DUPLICATE_METHOD_MATCH = YES;
				COPY_PHASE_STRIP = NO;
				DEBUG_INFORMATION_FORMAT = dwarf;
				ENABLE_STRICT_OBJC_MSGSEND = YES;
				ENABLE_TESTABILITY = YES;
				GCC_C_LANGUAGE_STANDARD = gnu11;
				GCC_DYNAMIC_NO_PIC = NO;
				GCC_NO_COMMON_BLOCKS = YES;
				GCC_OPTIMIZATION_LEVEL = 0;
				GCC_PREPROCESSOR_DEFINITIONS = (
					"DEBUG=1",
					"$(inherited)",
				);
				GCC_WARN_64_TO_32_BIT_CONVERSION = YES;
				GCC_WARN_ABOUT_RETURN_TYPE = YES_ERROR;
				GCC_WARN_UNDECLARED_SELECTOR = YES;
				GCC_WARN_UNINITIALIZED_AUTOS = YES_AGGRESSIVE;
				GCC_WARN_UNUSED_FUNCTION = YES;
				GCC_WARN_UNUSED_VARIABLE = YES;
				IPHONEOS_DEPLOYMENT_TARGET = 13.6;
				MTL_ENABLE_DEBUG_INFO = INCLUDE_SOURCE;
				MTL_FAST_MATH = YES;
				ONLY_ACTIVE_ARCH = YES;
				SDKROOT = iphoneos;
				SWIFT_ACTIVE_COMPILATION_CONDITIONS = DEBUG;
				SWIFT_OPTIMIZATION_LEVEL = "-Onone";
			};
			name = Debug;
		};
		D26E35C924FDE153007655E0 /* Release */ = {
			isa = XCBuildConfiguration;
			buildSettings = {
				ALWAYS_SEARCH_USER_PATHS = NO;
				CLANG_ANALYZER_NONNULL = YES;
				CLANG_ANALYZER_NUMBER_OBJECT_CONVERSION = YES_AGGRESSIVE;
				CLANG_CXX_LANGUAGE_STANDARD = "gnu++14";
				CLANG_CXX_LIBRARY = "libc++";
				CLANG_ENABLE_MODULES = YES;
				CLANG_ENABLE_OBJC_ARC = YES;
				CLANG_ENABLE_OBJC_WEAK = YES;
				CLANG_WARN_BLOCK_CAPTURE_AUTORELEASING = YES;
				CLANG_WARN_BOOL_CONVERSION = YES;
				CLANG_WARN_COMMA = YES;
				CLANG_WARN_CONSTANT_CONVERSION = YES;
				CLANG_WARN_DEPRECATED_OBJC_IMPLEMENTATIONS = YES;
				CLANG_WARN_DIRECT_OBJC_ISA_USAGE = YES_ERROR;
				CLANG_WARN_DOCUMENTATION_COMMENTS = YES;
				CLANG_WARN_EMPTY_BODY = YES;
				CLANG_WARN_ENUM_CONVERSION = YES;
				CLANG_WARN_INFINITE_RECURSION = YES;
				CLANG_WARN_INT_CONVERSION = YES;
				CLANG_WARN_NON_LITERAL_NULL_CONVERSION = YES;
				CLANG_WARN_OBJC_IMPLICIT_RETAIN_SELF = YES;
				CLANG_WARN_OBJC_LITERAL_CONVERSION = YES;
				CLANG_WARN_OBJC_ROOT_CLASS = YES_ERROR;
				CLANG_WARN_RANGE_LOOP_ANALYSIS = YES;
				CLANG_WARN_STRICT_PROTOTYPES = YES;
				CLANG_WARN_SUSPICIOUS_MOVE = YES;
				CLANG_WARN_UNGUARDED_AVAILABILITY = YES_AGGRESSIVE;
				CLANG_WARN_UNREACHABLE_CODE = YES;
				CLANG_WARN__DUPLICATE_METHOD_MATCH = YES;
				COPY_PHASE_STRIP = NO;
				DEBUG_INFORMATION_FORMAT = "dwarf-with-dsym";
				ENABLE_NS_ASSERTIONS = NO;
				ENABLE_STRICT_OBJC_MSGSEND = YES;
				GCC_C_LANGUAGE_STANDARD = gnu11;
				GCC_NO_COMMON_BLOCKS = YES;
				GCC_WARN_64_TO_32_BIT_CONVERSION = YES;
				GCC_WARN_ABOUT_RETURN_TYPE = YES_ERROR;
				GCC_WARN_UNDECLARED_SELECTOR = YES;
				GCC_WARN_UNINITIALIZED_AUTOS = YES_AGGRESSIVE;
				GCC_WARN_UNUSED_FUNCTION = YES;
				GCC_WARN_UNUSED_VARIABLE = YES;
				IPHONEOS_DEPLOYMENT_TARGET = 13.6;
				MTL_ENABLE_DEBUG_INFO = NO;
				MTL_FAST_MATH = YES;
				SDKROOT = iphoneos;
				SWIFT_COMPILATION_MODE = wholemodule;
				SWIFT_OPTIMIZATION_LEVEL = "-O";
				VALIDATE_PRODUCT = YES;
			};
			name = Release;
		};
		D26E35CB24FDE153007655E0 /* Debug */ = {
			isa = XCBuildConfiguration;
			buildSettings = {
				ASSETCATALOG_COMPILER_APPICON_NAME = AppIcon;
				CODE_SIGN_STYLE = Automatic;
				INFOPLIST_FILE = SuDungAPI/Info.plist;
				LD_RUNPATH_SEARCH_PATHS = (
					"$(inherited)",
					"@executable_path/Frameworks",
				);
				PRODUCT_BUNDLE_IDENTIFIER = thanh.SuDungAPI;
				PRODUCT_NAME = "$(TARGET_NAME)";
				SWIFT_VERSION = 5.0;
				TARGETED_DEVICE_FAMILY = "1,2";
			};
			name = Debug;
		};
		D26E35CC24FDE153007655E0 /* Release */ = {
			isa = XCBuildConfiguration;
			buildSettings = {
				ASSETCATALOG_COMPILER_APPICON_NAME = AppIcon;
				CODE_SIGN_STYLE = Automatic;
				INFOPLIST_FILE = SuDungAPI/Info.plist;
				LD_RUNPATH_SEARCH_PATHS = (
					"$(inherited)",
					"@executable_path/Frameworks",
				);
				PRODUCT_BUNDLE_IDENTIFIER = thanh.SuDungAPI;
				PRODUCT_NAME = "$(TARGET_NAME)";
				SWIFT_VERSION = 5.0;
				TARGETED_DEVICE_FAMILY = "1,2";
			};
			name = Release;
		};
		D26E35CE24FDE153007655E0 /* Debug */ = {
			isa = XCBuildConfiguration;
			buildSettings = {
				ALWAYS_EMBED_SWIFT_STANDARD_LIBRARIES = YES;
				BUNDLE_LOADER = "$(TEST_HOST)";
				CODE_SIGN_STYLE = Automatic;
				INFOPLIST_FILE = SuDungAPITests/Info.plist;
				IPHONEOS_DEPLOYMENT_TARGET = 13.6;
				LD_RUNPATH_SEARCH_PATHS = (
					"$(inherited)",
					"@executable_path/Frameworks",
					"@loader_path/Frameworks",
				);
				PRODUCT_BUNDLE_IDENTIFIER = thanh.SuDungAPITests;
				PRODUCT_NAME = "$(TARGET_NAME)";
				SWIFT_VERSION = 5.0;
				TARGETED_DEVICE_FAMILY = "1,2";
				TEST_HOST = "$(BUILT_PRODUCTS_DIR)/SuDungAPI.app/SuDungAPI";
			};
			name = Debug;
		};
		D26E35CF24FDE153007655E0 /* Release */ = {
			isa = XCBuildConfiguration;
			buildSettings = {
				ALWAYS_EMBED_SWIFT_STANDARD_LIBRARIES = YES;
				BUNDLE_LOADER = "$(TEST_HOST)";
				CODE_SIGN_STYLE = Automatic;
				INFOPLIST_FILE = SuDungAPITests/Info.plist;
				IPHONEOS_DEPLOYMENT_TARGET = 13.6;
				LD_RUNPATH_SEARCH_PATHS = (
					"$(inherited)",
					"@executable_path/Frameworks",
					"@loader_path/Frameworks",
				);
				PRODUCT_BUNDLE_IDENTIFIER = thanh.SuDungAPITests;
				PRODUCT_NAME = "$(TARGET_NAME)";
				SWIFT_VERSION = 5.0;
				TARGETED_DEVICE_FAMILY = "1,2";
				TEST_HOST = "$(BUILT_PRODUCTS_DIR)/SuDungAPI.app/SuDungAPI";
			};
			name = Release;
		};
		D26E35D124FDE153007655E0 /* Debug */ = {
			isa = XCBuildConfiguration;
			buildSettings = {
				ALWAYS_EMBED_SWIFT_STANDARD_LIBRARIES = YES;
				CODE_SIGN_STYLE = Automatic;
				INFOPLIST_FILE = SuDungAPIUITests/Info.plist;
				LD_RUNPATH_SEARCH_PATHS = (
					"$(inherited)",
					"@executable_path/Frameworks",
					"@loader_path/Frameworks",
				);
				PRODUCT_BUNDLE_IDENTIFIER = thanh.SuDungAPIUITests;
				PRODUCT_NAME = "$(TARGET_NAME)";
				SWIFT_VERSION = 5.0;
				TARGETED_DEVICE_FAMILY = "1,2";
				TEST_TARGET_NAME = SuDungAPI;
			};
			name = Debug;
		};
		D26E35D224FDE153007655E0 /* Release */ = {
			isa = XCBuildConfiguration;
			buildSettings = {
				ALWAYS_EMBED_SWIFT_STANDARD_LIBRARIES = YES;
				CODE_SIGN_STYLE = Automatic;
				INFOPLIST_FILE = SuDungAPIUITests/Info.plist;
				LD_RUNPATH_SEARCH_PATHS = (
					"$(inherited)",
					"@executable_path/Frameworks",
					"@loader_path/Frameworks",
				);
				PRODUCT_BUNDLE_IDENTIFIER = thanh.SuDungAPIUITests;
				PRODUCT_NAME = "$(TARGET_NAME)";
				SWIFT_VERSION = 5.0;
				TARGETED_DEVICE_FAMILY = "1,2";
				TEST_TARGET_NAME = SuDungAPI;
			};
			name = Release;
		};
/* End XCBuildConfiguration section */

/* Begin XCConfigurationList section */
		D26E359B24FDE150007655E0 /* Build configuration list for PBXProject "SuDungAPI" */ = {
			isa = XCConfigurationList;
			buildConfigurations = (
				D26E35C824FDE153007655E0 /* Debug */,
				D26E35C924FDE153007655E0 /* Release */,
			);
			defaultConfigurationIsVisible = 0;
			defaultConfigurationName = Release;
		};
		D26E35CA24FDE153007655E0 /* Build configuration list for PBXNativeTarget "SuDungAPI" */ = {
			isa = XCConfigurationList;
			buildConfigurations = (
				D26E35CB24FDE153007655E0 /* Debug */,
				D26E35CC24FDE153007655E0 /* Release */,
			);
			defaultConfigurationIsVisible = 0;
			defaultConfigurationName = Release;
		};
		D26E35CD24FDE153007655E0 /* Build configuration list for PBXNativeTarget "SuDungAPITests" */ = {
			isa = XCConfigurationList;
			buildConfigurations = (
				D26E35CE24FDE153007655E0 /* Debug */,
				D26E35CF24FDE153007655E0 /* Release */,
			);
			defaultConfigurationIsVisible = 0;
			defaultConfigurationName = Release;
		};
		D26E35D024FDE153007655E0 /* Build configuration list for PBXNativeTarget "SuDungAPIUITests" */ = {
			isa = XCConfigurationList;
			buildConfigurations = (
				D26E35D124FDE153007655E0 /* Debug */,
				D26E35D224FDE153007655E0 /* Release */,
			);
			defaultConfigurationIsVisible = 0;
			defaultConfigurationName = Release;
		};
/* End XCConfigurationList section */
	};
	rootObject = D26E359824FDE150007655E0 /* Project object */;
}
